
Microsoft Visual Studio Solution File, Format Version 12.00
# Visual Studio Version 17
VisualStudioVersion = 17.9.34902.65
MinimumVisualStudioVersion = 10.0.40219.1
Project("{FAE04EC0-301F-11D3-BF4B-00C04F79EFBC}") = "ProjetoMVCCursos", "ProjetoMVCCursos.csproj", "{7A533255-072C-4E62-9AE2-E7495380545D}"
EndProject
Global
	GlobalSection(SolutionConfigurationPlatforms) = preSolution
		Debug|Any CPU = Debug|Any CPU
		Release|Any CPU = Release|Any CPU
	EndGlobalSection
	GlobalSection(ProjectConfigurationPlatforms) = postSolution
		{7A533255-072C-4E62-9AE2-E7495380545D}.Debug|Any CPU.ActiveCfg = Debug|Any CPU
		{7A533255-072C-4E62-9AE2-E7495380545D}.Debug|Any CPU.Build.0 = Debug|Any CPU
		{7A533255-072C-4E62-9AE2-E7495380545D}.Release|Any CPU.ActiveCfg = Release|Any CPU
		{7A533255-072C-4E62-9AE2-E7495380545D}.Release|Any CPU.Build.0 = Release|Any CPU
	EndGlobalSection
	GlobalSection(SolutionProperties) = preSolution
		HideSolutionNode = FALSE
	EndGlobalSection
	GlobalSection(ExtensibilityGlobals) = postSolution
		SolutionGuid = {F74CA10A-BC41-4787-A94A-AEC10CA88D8E}
	EndGlobalSection
EndGlobal
